// !$*UTF8*$!
{
	archiveVersion = 1;
	classes = {
	};
	objectVersion = 46;
	objects = {

/* Begin PBXBuildFile section */
		1869CA271DBE80A100408866 /* AppDelegate.swift in Sources */ = {isa = PBXBuildFile; fileRef = 1869CA261DBE80A100408866 /* AppDelegate.swift */; };
		1869CA291DBE80A100408866 /* ViewController.swift in Sources */ = {isa = PBXBuildFile; fileRef = 1869CA281DBE80A100408866 /* ViewController.swift */; };
		1869CA2C1DBE80A100408866 /* Main.storyboard in Resources */ = {isa = PBXBuildFile; fileRef = 1869CA2A1DBE80A100408866 /* Main.storyboard */; };
		1869CA2E1DBE80A100408866 /* Assets.xcassets in Resources */ = {isa = PBXBuildFile; fileRef = 1869CA2D1DBE80A100408866 /* Assets.xcassets */; };
		1869CA311DBE80A100408866 /* LaunchScreen.storyboard in Resources */ = {isa = PBXBuildFile; fileRef = 1869CA2F1DBE80A100408866 /* LaunchScreen.storyboard */; };
		1869CA401DBE838C00408866 /* NotoSans-Bold.ttf in Resources */ = {isa = PBXBuildFile; fileRef = 1869CA3C1DBE838C00408866 /* NotoSans-Bold.ttf */; };
		1869CA411DBE838C00408866 /* NotoSans-BoldItalic.ttf in Resources */ = {isa = PBXBuildFile; fileRef = 1869CA3D1DBE838C00408866 /* NotoSans-BoldItalic.ttf */; };
		1869CA421DBE838C00408866 /* NotoSans-Italic.ttf in Resources */ = {isa = PBXBuildFile; fileRef = 1869CA3E1DBE838C00408866 /* NotoSans-Italic.ttf */; };
		1869CA431DBE838C00408866 /* NotoSans-Regular.ttf in Resources */ = {isa = PBXBuildFile; fileRef = 1869CA3F1DBE838C00408866 /* NotoSans-Regular.ttf */; };
		1869CA451DBE871E00408866 /* MaterialView.swift in Sources */ = {isa = PBXBuildFile; fileRef = 1869CA441DBE871E00408866 /* MaterialView.swift */; };
		1869CA481DBE87D300408866 /* Constant.swift in Sources */ = {isa = PBXBuildFile; fileRef = 1869CA471DBE87D300408866 /* Constant.swift */; };
/* End PBXBuildFile section */

/* Begin PBXFileReference section */
		1869CA231DBE80A100408866 /* 103_ShowCase.app */ = {isa = PBXFileReference; explicitFileType = wrapper.application; includeInIndex = 0; path = 103_ShowCase.app; sourceTree = BUILT_PRODUCTS_DIR; };
		1869CA261DBE80A100408866 /* AppDelegate.swift */ = {isa = PBXFileReference; lastKnownFileType = sourcecode.swift; path = AppDelegate.swift; sourceTree = "<group>"; };
		1869CA281DBE80A100408866 /* ViewController.swift */ = {isa = PBXFileReference; lastKnownFileType = sourcecode.swift; path = ViewController.swift; sourceTree = "<group>"; };
		1869CA2B1DBE80A100408866 /* Base */ = {isa = PBXFileReference; lastKnownFileType = file.storyboard; name = Base; path = Base.lproj/Main.storyboard; sourceTree = "<group>"; };
		1869CA2D1DBE80A100408866 /* Assets.xcassets */ = {isa = PBXFileReference; lastKnownFileType = folder.assetcatalog; path = Assets.xcassets; sourceTree = "<group>"; };
		1869CA301DBE80A100408866 /* Base */ = {isa = PBXFileReference; lastKnownFileType = file.storyboard; name = Base; path = Base.lproj/LaunchScreen.storyboard; sourceTree = "<group>"; };
		1869CA321DBE80A100408866 /* Info.plist */ = {isa = PBXFileReference; lastKnownFileType = text.plist.xml; path = Info.plist; sourceTree = "<group>"; };
		1869CA3C1DBE838C00408866 /* NotoSans-Bold.ttf */ = {isa = PBXFileReference; lastKnownFileType = file; path = "NotoSans-Bold.ttf"; sourceTree = "<group>"; };
		1869CA3D1DBE838C00408866 /* NotoSans-BoldItalic.ttf */ = {isa = PBXFileReference; lastKnownFileType = file; path = "NotoSans-BoldItalic.ttf"; sourceTree = "<group>"; };
		1869CA3E1DBE838C00408866 /* NotoSans-Italic.ttf */ = {isa = PBXFileReference; lastKnownFileType = file; path = "NotoSans-Italic.ttf"; sourceTree = "<group>"; };
		1869CA3F1DBE838C00408866 /* NotoSans-Regular.ttf */ = {isa = PBXFileReference; lastKnownFileType = file; path = "NotoSans-Regular.ttf"; sourceTree = "<group>"; };
		1869CA441DBE871E00408866 /* MaterialView.swift */ = {isa = PBXFileReference; fileEncoding = 4; lastKnownFileType = sourcecode.swift; path = MaterialView.swift; sourceTree = "<group>"; };
		1869CA471DBE87D300408866 /* Constant.swift */ = {isa = PBXFileReference; fileEncoding = 4; lastKnownFileType = sourcecode.swift; path = Constant.swift; sourceTree = "<group>"; };
/* End PBXFileReference section */

/* Begin PBXFrameworksBuildPhase section */
		1869CA201DBE80A100408866 /* Frameworks */ = {
			isa = PBXFrameworksBuildPhase;
			buildActionMask = 2147483647;
			files = (
			);
			runOnlyForDeploymentPostprocessing = 0;
		};
/* End PBXFrameworksBuildPhase section */

/* Begin PBXGroup section */
		1869CA1A1DBE80A100408866 = {
			isa = PBXGroup;
			children = (
				1869CA251DBE80A100408866 /* 103_ShowCase */,
				1869CA241DBE80A100408866 /* Products */,
			);
			sourceTree = "<group>";
		};
		1869CA241DBE80A100408866 /* Products */ = {
			isa = PBXGroup;
			children = (
				1869CA231DBE80A100408866 /* 103_ShowCase.app */,
			);
			name = Products;
			sourceTree = "<group>";
		};
		1869CA251DBE80A100408866 /* 103_ShowCase */ = {
			isa = PBXGroup;
			children = (
				1869CA461DBE87BA00408866 /* Util */,
				1869CA391DBE823B00408866 /* Model */,
				1869CA3A1DBE824100408866 /* View */,
				1869CA3B1DBE824800408866 /* Controller */,
				1869CA381DBE823300408866 /* Recourse */,
				1869CA261DBE80A100408866 /* AppDelegate.swift */,
				1869CA281DBE80A100408866 /* ViewController.swift */,
				1869CA2A1DBE80A100408866 /* Main.storyboard */,
				1869CA2D1DBE80A100408866 /* Assets.xcassets */,
				1869CA2F1DBE80A100408866 /* LaunchScreen.storyboard */,
				1869CA321DBE80A100408866 /* Info.plist */,
			);
			path = 103_ShowCase;
			sourceTree = "<group>";
		};
		1869CA381DBE823300408866 /* Recourse */ = {
			isa = PBXGroup;
			children = (
				1869CA3C1DBE838C00408866 /* NotoSans-Bold.ttf */,
				1869CA3D1DBE838C00408866 /* NotoSans-BoldItalic.ttf */,
				1869CA3E1DBE838C00408866 /* NotoSans-Italic.ttf */,
				1869CA3F1DBE838C00408866 /* NotoSans-Regular.ttf */,
			);
			name = Recourse;
			sourceTree = "<group>";
		};
		1869CA391DBE823B00408866 /* Model */ = {
			isa = PBXGroup;
			children = (
			);
			name = Model;
			sourceTree = "<group>";
		};
		1869CA3A1DBE824100408866 /* View */ = {
			isa = PBXGroup;
			children = (
				1869CA441DBE871E00408866 /* MaterialView.swift */,
			);
			name = View;
			sourceTree = "<group>";
		};
		1869CA3B1DBE824800408866 /* Controller */ = {
			isa = PBXGroup;
			children = (
			);
			name = Controller;
			sourceTree = "<group>";
		};
		1869CA461DBE87BA00408866 /* Util */ = {
			isa = PBXGroup;
			children = (
				1869CA471DBE87D300408866 /* Constant.swift */,
			);
			name = Util;
			sourceTree = "<group>";
		};
/* End PBXGroup section */

/* Begin PBXNativeTarget section */
		1869CA221DBE80A100408866 /* 103_ShowCase */ = {
			isa = PBXNativeTarget;
			buildConfigurationList = 1869CA351DBE80A100408866 /* Build configuration list for PBXNativeTarget "103_ShowCase" */;
			buildPhases = (
				1869CA1F1DBE80A100408866 /* Sources */,
				1869CA201DBE80A100408866 /* Frameworks */,
				1869CA211DBE80A100408866 /* Resources */,
			);
			buildRules = (
			);
			dependencies = (
			);
			name = 103_ShowCase;
			productName = 103_ShowCase;
			productReference = 1869CA231DBE80A100408866 /* 103_ShowCase.app */;
			productType = "com.apple.product-type.application";
		};
/* End PBXNativeTarget section */

/* Begin PBXProject section */
		1869CA1B1DBE80A100408866 /* Project object */ = {
			isa = PBXProject;
			attributes = {
				LastSwiftUpdateCheck = 0800;
				LastUpgradeCheck = 0800;
				ORGANIZATIONNAME = Mohammad_salimi;
				TargetAttributes = {
					1869CA221DBE80A100408866 = {
						CreatedOnToolsVersion = 8.0;
						DevelopmentTeam = V92M97LUZ2;
						ProvisioningStyle = Automatic;
					};
				};
			};
			buildConfigurationList = 1869CA1E1DBE80A100408866 /* Build configuration list for PBXProject "103_ShowCase" */;
			compatibilityVersion = "Xcode 3.2";
			developmentRegion = English;
			hasScannedForEncodings = 0;
			knownRegions = (
				en,
				Base,
			);
			mainGroup = 1869CA1A1DBE80A100408866;
			productRefGroup = 1869CA241DBE80A100408866 /* Products */;
			projectDirPath = "";
			projectRoot = "";
			targets = (
				1869CA221DBE80A100408866 /* 103_ShowCase */,
			);
		};
/* End PBXProject section */

/* Begin PBXResourcesBuildPhase section */
		1869CA211DBE80A100408866 /* Resources */ = {
			isa = PBXResourcesBuildPhase;
			buildActionMask = 2147483647;
			files = (
				1869CA401DBE838C00408866 /* NotoSans-Bold.ttf in Resources */,
				1869CA311DBE80A100408866 /* LaunchScreen.storyboard in Resources */,
				1869CA411DBE838C00408866 /* NotoSans-BoldItalic.ttf in Resources */,
				1869CA421DBE838C00408866 /* NotoSans-Italic.ttf in Resources */,
				1869CA2E1DBE80A100408866 /* Assets.xcassets in Resources */,
				1869CA2C1DBE80A100408866 /* Main.storyboard in Resources */,
				1869CA431DBE838C00408866 /* NotoSans-Regular.ttf in Resources */,
			);
			runOnlyForDeploymentPostprocessing = 0;
		};
/* End PBXResourcesBuildPhase section */

/* Begin PBXSourcesBuildPhase section */
		1869CA1F1DBE80A100408866 /* Sources */ = {
			isa = PBXSourcesBuildPhase;
			buildActionMask = 2147483647;
			files = (
				1869CA451DBE871E00408866 /* MaterialView.swift in Sources */,
				1869CA291DBE80A100408866 /* ViewController.swift in Sources */,
				1869CA271DBE80A100408866 /* AppDelegate.swift in Sources */,
				1869CA481DBE87D300408866 /* Constant.swift in Sources */,
			);
			runOnlyForDeploymentPostprocessing = 0;
		};
/* End PBXSourcesBuildPhase section */

/* Begin PBXVariantGroup section */
		1869CA2A1DBE80A100408866 /* Main.storyboard */ = {
			isa = PBXVariantGroup;
			children = (
				1869CA2B1DBE80A100408866 /* Base */,
			);
			name = Main.storyboard;
			sourceTree = "<group>";
		};
		1869CA2F1DBE80A100408866 /* LaunchScreen.storyboard */ = {
			isa = PBXVariantGroup;
			children = (
				1869CA301DBE80A100408866 /* Base */,
			);
			name = LaunchScreen.storyboard;
			sourceTree = "<group>";
		};
/* End PBXVariantGroup section */

/* Begin XCBuildConfiguration section */
		1869CA331DBE80A100408866 /* Debug */ = {
			isa = XCBuildConfiguration;
			buildSettings = {
				ALWAYS_SEARCH_USER_PATHS = NO;
				CLANG_ANALYZER_NONNULL = YES;
				CLANG_CXX_LANGUAGE_STANDARD = "gnu++0x";
				CLANG_CXX_LIBRARY = "libc++";
				CLANG_ENABLE_MODULES = YES;
				CLANG_ENABLE_OBJC_ARC = YES;
				CLANG_WARN_BOOL_CONVERSION = YES;
				CLANG_WARN_CONSTANT_CONVERSION = YES;
				CLANG_WARN_DIRECT_OBJC_ISA_USAGE = YES_ERROR;
				CLANG_WARN_DOCUMENTATION_COMMENTS = YES;
				CLANG_WARN_EMPTY_BODY = YES;
				CLANG_WARN_ENUM_CONVERSION = YES;
				CLANG_WARN_INFINITE_RECURSION = YES;
				CLANG_WARN_INT_CONVERSION = YES;
				CLANG_WARN_OBJC_ROOT_CLASS = YES_ERROR;
				CLANG_WARN_SUSPICIOUS_MOVES = YES;
				CLANG_WARN_UNREACHABLE_CODE = YES;
				CLANG_WARN__DUPLICATE_METHOD_MATCH = YES;
				"CODE_SIGN_IDENTITY[sdk=iphoneos*]" = "iPhone Developer";
				COPY_PHASE_STRIP = NO;
				DEBUG_INFORMATION_FORMAT = dwarf;
				ENABLE_STRICT_OBJC_MSGSEND = YES;
				ENABLE_TESTABILITY = YES;
				GCC_C_LANGUAGE_STANDARD = gnu99;
				GCC_DYNAMIC_NO_PIC = NO;
				GCC_NO_COMMON_BLOCKS = YES;
				GCC_OPTIMIZATION_LEVEL = 0;
				GCC_PREPROCESSOR_DEFINITIONS = (
					"DEBUG=1",
					"$(inherited)",
				);
				GCC_WARN_64_TO_32_BIT_CONVERSION = YES;
				GCC_WARN_ABOUT_RETURN_TYPE = YES_ERROR;
				GCC_WARN_UNDECLARED_SELECTOR = YES;
				GCC_WARN_UNINITIALIZED_AUTOS = YES_AGGRESSIVE;
				GCC_WARN_UNUSED_FUNCTION = YES;
				GCC_WARN_UNUSED_VARIABLE = YES;
				IPHONEOS_DEPLOYMENT_TARGET = 10.0;
				MTL_ENABLE_DEBUG_INFO = YES;
				ONLY_ACTIVE_ARCH = YES;
				SDKROOT = iphoneos;
				SWIFT_ACTIVE_COMPILATION_CONDITIONS = DEBUG;
				SWIFT_OPTIMIZATION_LEVEL = "-Onone";
				TARGETED_DEVICE_FAMILY = "1,2";
			};
			name = Debug;
		};
		1869CA341DBE80A100408866 /* Release */ = {
			isa = XCBuildConfiguration;
			buildSettings = {
				ALWAYS_SEARCH_USER_PATHS = NO;
				CLANG_ANALYZER_NONNULL = YES;
				CLANG_CXX_LANGUAGE_STANDARD = "gnu++0x";
				CLANG_CXX_LIBRARY = "libc++";
				CLANG_ENABLE_MODULES = YES;
				CLANG_ENABLE_OBJC_ARC = YES;
				CLANG_WARN_BOOL_CONVERSION = YES;
				CLANG_WARN_CONSTANT_CONVERSION = YES;
				CLANG_WARN_DIRECT_OBJC_ISA_USAGE = YES_ERROR;
				CLANG_WARN_DOCUMENTATION_COMMENTS = YES;
				CLANG_WARN_EMPTY_BODY = YES;
				CLANG_WARN_ENUM_CONVERSION = YES;
				CLANG_WARN_INFINITE_RECURSION = YES;
				CLANG_WARN_INT_CONVERSION = YES;
				CLANG_WARN_OBJC_ROOT_CLASS = YES_ERROR;
				CLANG_WARN_SUSPICIOUS_MOVES = YES;
				CLANG_WARN_UNREACHABLE_CODE = YES;
				CLANG_WARN__DUPLICATE_METHOD_MATCH = YES;
				"CODE_SIGN_IDENTITY[sdk=iphoneos*]" = "iPhone Developer";
				COPY_PHASE_STRIP = NO;
				DEBUG_INFORMATION_FORMAT = "dwarf-with-dsym";
				ENABLE_NS_ASSERTIONS = NO;
				ENABLE_STRICT_OBJC_MSGSEND = YES;
				GCC_C_LANGUAGE_STANDARD = gnu99;
				GCC_NO_COMMON_BLOCKS = YES;
				GCC_WARN_64_TO_32_BIT_CONVERSION = YES;
				GCC_WARN_ABOUT_RETURN_TYPE = YES_ERROR;
				GCC_WARN_UNDECLARED_SELECTOR = YES;
				GCC_WARN_UNINITIALIZED_AUTOS = YES_AGGRESSIVE;
				GCC_WARN_UNUSED_FUNCTION = YES;
				GCC_WARN_UNUSED_VARIABLE = YES;
				IPHONEOS_DEPLOYMENT_TARGET = 10.0;
				MTL_ENABLE_DEBUG_INFO = NO;
				SDKROOT = iphoneos;
				SWIFT_OPTIMIZATION_LEVEL = "-Owholemodule";
				TARGETED_DEVICE_FAMILY = "1,2";
				VALIDATE_PRODUCT = YES;
			};
			name = Release;
		};
		1869CA361DBE80A100408866 /* Debug */ = {
			isa = XCBuildConfiguration;
			buildSettings = {
				ASSETCATALOG_COMPILER_APPICON_NAME = AppIcon;
				DEVELOPMENT_TEAM = V92M97LUZ2;
				INFOPLIST_FILE = 103_ShowCase/Info.plist;
				LD_RUNPATH_SEARCH_PATHS = "$(inherited) @executable_path/Frameworks";
				PRODUCT_BUNDLE_IDENTIFIER = "com.Mammad.-03-ShowCase";
				PRODUCT_NAME = "$(TARGET_NAME)";
				SWIFT_VERSION = 3.0;
			};
			name = Debug;
		};
		1869CA371DBE80A100408866 /* Release */ = {
			isa = XCBuildConfiguration;
			buildSettings = {
				ASSETCATALOG_COMPILER_APPICON_NAME = AppIcon;
				DEVELOPMENT_TEAM = V92M97LUZ2;
				INFOPLIST_FILE = 103_ShowCase/Info.plist;
				LD_RUNPATH_SEARCH_PATHS = "$(inherited) @executable_path/Frameworks";
				PRODUCT_BUNDLE_IDENTIFIER = "com.Mammad.-03-ShowCase";
				PRODUCT_NAME = "$(TARGET_NAME)";
				SWIFT_VERSION = 3.0;
			};
			name = Release;
		};
/* End XCBuildConfiguration section */

/* Begin XCConfigurationList section */
		1869CA1E1DBE80A100408866 /* Build configuration list for PBXProject "103_ShowCase" */ = {
			isa = XCConfigurationList;
			buildConfigurations = (
				1869CA331DBE80A100408866 /* Debug */,
				1869CA341DBE80A100408866 /* Release */,
			);
			defaultConfigurationIsVisible = 0;
			defaultConfigurationName = Release;
		};
		1869CA351DBE80A100408866 /* Build configuration list for PBXNativeTarget "103_ShowCase" */ = {
			isa = XCConfigurationList;
			buildConfigurations = (
				1869CA361DBE80A100408866 /* Debug */,
				1869CA371DBE80A100408866 /* Release */,
			);
			defaultConfigurationIsVisible = 0;
		};
/* End XCConfigurationList section */
	};
	rootObject = 1869CA1B1DBE80A100408866 /* Project object */;
}
